[[package]]
category = "main"
description = "A database migration tool for SQLAlchemy."
name = "alembic"
optional = false
python-versions = ">=2.7, !=3.0.*, !=3.1.*, !=3.2.*, !=3.3.*"
version = "1.0.11"

[package.dependencies]
Mako = "*"
SQLAlchemy = ">=0.9.0"
python-dateutil = "*"
python-editor = ">=0.3"

[[package]]
category = "dev"
description = "Atomic file writes."
name = "atomicwrites"
optional = false
python-versions = ">=2.7, !=3.0.*, !=3.1.*, !=3.2.*, !=3.3.*"
version = "1.3.0"

[[package]]
category = "dev"
description = "Classes Without Boilerplate"
name = "attrs"
optional = false
python-versions = ">=2.7, !=3.0.*, !=3.1.*, !=3.2.*, !=3.3.*"
version = "19.1.0"

[[package]]
category = "dev"
description = "Backport of Python 3 csv module"
name = "backports.csv"
optional = false
python-versions = "*"
version = "1.0.7"

[[package]]
category = "dev"
description = "Version-bump your software with a single command!"
name = "bump2version"
optional = false
python-versions = "*"
version = "0.5.10"

[[package]]
category = "dev"
description = "Helpers for building command-line apps"
name = "cli-helpers"
optional = false
python-versions = "*"
version = "1.2.1"

[package.dependencies]
"backports.csv" = ">=1.0.0"
configobj = ">=5.0.5"
tabulate = ">=0.8.2"
terminaltables = ">=3.0.0"

[[package]]
category = "dev"
description = "Composable command line interface toolkit"
name = "click"
optional = false
python-versions = ">=2.7, !=3.0.*, !=3.1.*, !=3.2.*, !=3.3.*"
version = "7.0"

[[package]]
category = "dev"
description = "Cross-platform colored terminal text."
marker = "sys_platform == \"win32\""
name = "colorama"
optional = false
python-versions = ">=2.7, !=3.0.*, !=3.1.*, !=3.2.*, !=3.3.*"
version = "0.4.1"

[[package]]
category = "dev"
description = "Config file reading, writing and validation."
name = "configobj"
optional = false
python-versions = "*"
version = "5.0.6"

[package.dependencies]
six = "*"

[[package]]
category = "dev"
description = "python humanize utilities"
name = "humanize"
optional = false
python-versions = "*"
version = "0.5.1"

[[package]]
category = "dev"
description = "Read metadata from Python packages"
name = "importlib-metadata"
optional = false
python-versions = ">=2.7,!=3.0,!=3.1,!=3.2,!=3.3"
version = "0.19"

[package.dependencies]
zipp = ">=0.5"

[[package]]
category = "main"
description = "A super-fast templating language that borrows the  best ideas from the existing templating languages."
name = "mako"
optional = false
python-versions = ">=2.7, !=3.0.*, !=3.1.*, !=3.2.*, !=3.3.*"
version = "1.1.0"

[package.dependencies]
MarkupSafe = ">=0.9.2"

[[package]]
category = "main"
description = "Safely add untrusted strings to HTML/XML markup."
name = "markupsafe"
optional = false
python-versions = ">=2.7,!=3.0.*,!=3.1.*,!=3.2.*,!=3.3.*"
version = "1.1.1"

[[package]]
category = "dev"
description = "More routines for operating on iterables, beyond itertools"
name = "more-itertools"
optional = false
python-versions = ">=3.4"
version = "7.2.0"

[[package]]
category = "main"
description = "A dot-accessible dictionary (a la JavaScript objects)."
name = "munch"
optional = false
python-versions = "*"
version = "2.3.2"

[package.dependencies]
six = "*"

[[package]]
category = "dev"
description = "Core utilities for Python packages"
name = "packaging"
optional = false
python-versions = ">=2.7, !=3.0.*, !=3.1.*, !=3.2.*, !=3.3.*"
version = "19.1"

[package.dependencies]
attrs = "*"
pyparsing = ">=2.0.2"
six = "*"

[[package]]
category = "dev"
description = "CLI for Postgres Database. With auto-completion and syntax highlighting."
name = "pgcli"
optional = false
python-versions = "*"
version = "2.1.1"

[package.dependencies]
Pygments = ">=2.0"
cli-helpers = ">=1.2.0"
click = ">=4.1"
configobj = ">=5.0.6"
humanize = ">=0.5.1"
pgspecial = ">=1.11.5"
prompt-toolkit = ">=2.0.6,<2.1.0"
psycopg2 = ">=2.7.4"
setproctitle = ">=1.1.9"
sqlparse = ">=0.3.0,<0.4"

[[package]]
category = "dev"
description = "Meta-commands handler for Postgres Database."
name = "pgspecial"
optional = false
python-versions = "*"
version = "1.11.5"

[package.dependencies]
click = ">=4.1"
sqlparse = ">=0.1.19"

[[package]]
category = "dev"
description = "plugin and hook calling mechanisms for python"
name = "pluggy"
optional = false
python-versions = ">=2.7, !=3.0.*, !=3.1.*, !=3.2.*, !=3.3.*"
version = "0.12.0"

[package.dependencies]
importlib-metadata = ">=0.12"

[[package]]
category = "dev"
description = "Library for building powerful interactive command lines in Python"
name = "prompt-toolkit"
optional = false
python-versions = "*"
version = "2.0.9"

[package.dependencies]
six = ">=1.9.0"
wcwidth = "*"

[[package]]
category = "dev"
description = "psycopg2 - Python-PostgreSQL Database Adapter"
name = "psycopg2"
optional = false
python-versions = ">=2.7,!=3.0.*,!=3.1.*,!=3.2.*,!=3.3.*"
version = "2.8.3"

[[package]]
category = "dev"
description = "library with cross-python path, ini-parsing, io, code, log facilities"
name = "py"
optional = false
python-versions = ">=2.7, !=3.0.*, !=3.1.*, !=3.2.*, !=3.3.*"
version = "1.8.0"

[[package]]
category = "dev"
description = "Pygments is a syntax highlighting package written in Python."
name = "pygments"
optional = false
python-versions = ">=2.7, !=3.0.*, !=3.1.*, !=3.2.*, !=3.3.*, !=3.4.*"
version = "2.4.2"

[[package]]
category = "dev"
description = "Python parsing module"
name = "pyparsing"
optional = false
python-versions = ">=2.6, !=3.0.*, !=3.1.*, !=3.2.*"
version = "2.4.2"

[[package]]
category = "dev"
description = "pytest: simple powerful testing with Python"
name = "pytest"
optional = false
python-versions = ">=3.5"
version = "5.0.1"

[package.dependencies]
atomicwrites = ">=1.0"
attrs = ">=17.4.0"
colorama = "*"
importlib-metadata = ">=0.12"
more-itertools = ">=4.0.0"
packaging = "*"
pluggy = ">=0.12,<1.0"
py = ">=1.5.0"
wcwidth = "*"

[[package]]
category = "main"
description = "Extensions to the standard Python datetime module"
name = "python-dateutil"
optional = false
python-versions = ">=2.7, !=3.0.*, !=3.1.*, !=3.2.*"
version = "2.8.0"

[package.dependencies]
six = ">=1.5"

[[package]]
category = "main"
description = "Programmatically open an editor, capture the result."
name = "python-editor"
optional = false
python-versions = "*"
version = "1.0.4"

[[package]]
category = "main"
description = "ruamel.yaml is a YAML parser/emitter that supports roundtrip preservation of comments, seq/map flow style, and map key order"
name = "ruamel.yaml"
optional = false
python-versions = "*"
version = "0.16.1"

[package.dependencies]
[package.dependencies."ruamel.yaml.clib"]
python = "<3.8"
version = ">=0.1.2"

[[package]]
category = "main"
description = "C version of reader, parser and emitter for ruamel.yaml derived from libyaml"
marker = "platform_python_implementation == \"CPython\" and python_version < \"3.8\""
name = "ruamel.yaml.clib"
optional = false
python-versions = "*"
version = "0.1.2"

[[package]]
category = "dev"
description = "A Python module to customize the process title"
name = "setproctitle"
optional = false
python-versions = "*"
version = "1.1.10"

[[package]]
category = "main"
description = "Python 2 and 3 compatibility utilities"
name = "six"
optional = false
python-versions = ">=2.6, !=3.0.*, !=3.1.*"
version = "1.12.0"

[[package]]
category = "main"
description = "Database Abstraction Library"
name = "sqlalchemy"
optional = false
python-versions = ">=2.7, !=3.0.*, !=3.1.*, !=3.2.*, !=3.3.*"
version = "1.3.7"

[[package]]
category = "dev"
description = "Non-validating SQL parser"
name = "sqlparse"
optional = false
python-versions = ">=2.7, !=3.0.*, !=3.1.*, !=3.2.*, !=3.3.*"
version = "0.3.0"

[[package]]
category = "dev"
description = "Pretty-print tabular data"
name = "tabulate"
optional = false
python-versions = "*"
version = "0.8.3"

[[package]]
category = "dev"
description = "Generate simple tables in terminals from a nested list of strings."
name = "terminaltables"
optional = false
python-versions = "*"
version = "3.1.0"

[[package]]
category = "dev"
description = "Measures number of Terminal column cells of wide-character codes"
name = "wcwidth"
optional = false
python-versions = "*"
version = "0.1.7"

[[package]]
category = "dev"
description = "Backport of pathlib-compatible object wrapper for zip files"
name = "zipp"
optional = false
python-versions = ">=2.7"
version = "0.5.2"

[metadata]
content-hash = "bbdeaff022ab65b665e46b1b6aca6a67f8c373acd2f36162ae0590b45d360dd0"
python-versions = "^3.7"

[metadata.hashes]
alembic = ["cdb7d98bd5cbf65acd38d70b1c05573c432e6473a82f955cdea541b5c153b0cc"]
atomicwrites = ["03472c30eb2c5d1ba9227e4c2ca66ab8287fbfbbda3888aa93dc2e28fc6811b4", "75a9445bac02d8d058d5e1fe689654ba5a6556a1dfd8ce6ec55a0ed79866cfa6"]
attrs = ["69c0dbf2ed392de1cb5ec704444b08a5ef81680a61cb899dc08127123af36a79", "f0b870f674851ecbfbbbd364d6b5cbdff9dcedbc7f3f5e18a6891057f21fe399"]
"backports.csv" = ["1277dfff73130b2e106bf3dd347adb3c5f6c4340882289d88f31240da92cbd6d", "21f6e09bab589e6c1f877edbc40277b65e626262a86e69a70137db714eaac5ce"]
bump2version = ["185abfd0d8321ec5059424d8b670aa82f7385948ff7ddd986981b4ed04dc819a"]
cli-helpers = ["0885ab0a6e0b03f39bcbd6ebd1c439131a94a20d8f5ba2b3e464e9fa05a1a80b", "98db22eaa86827d99ee6af9f5f3923142d04df256425204530842b032849a165", "e8be0d0f079798490e6bc2a46087a045a8e5b64964eceb210bbb7ba1d98baacd"]
click = ["2335065e6395b9e67ca716de5f7526736bfa6ceead690adf616d925bdc622b13", "5b94b49521f6456670fdb30cd82a4eca9412788a93fa6dd6df72c94d5a8ff2d7"]
colorama = ["05eed71e2e327246ad6b38c540c4a3117230b19679b875190486ddd2d721422d", "f8ac84de7840f5b9c4e3347b3c1eaa50f7e49c2b07596221daec5edaabbd7c48"]
configobj = ["a2f5650770e1c87fb335af19a9b7eb73fc05ccf22144eb68db7d00cd2bcb0902"]
humanize = ["a43f57115831ac7c70de098e6ac46ac13be00d69abbf60bdcac251344785bb19"]
importlib-metadata = ["23d3d873e008a513952355379d93cbcab874c58f4f034ff657c7a87422fa64e8", "80d2de76188eabfbfcf27e6a37342c2827801e59c4cc14b0371c56fed43820e3"]
mako = ["a36919599a9b7dc5d86a7a8988f23a9a3a3d083070023bab23d64f7f1d1e0a4b"]
markupsafe = ["00bc623926325b26bb9605ae9eae8a215691f33cae5df11ca5424f06f2d1f473", "09027a7803a62ca78792ad89403b1b7a73a01c8cb65909cd876f7fcebd79b161", "09c4b7f37d6c648cb13f9230d847adf22f8171b1ccc4d5682398e77f40309235", "1027c282dad077d0bae18be6794e6b6b8c91d58ed8a8d89a89d59693b9131db5", "24982cc2533820871eba85ba648cd53d8623687ff11cbb805be4ff7b4c971aff", "29872e92839765e546828bb7754a68c418d927cd064fd4708fab9fe9c8bb116b", "43a55c2930bbc139570ac2452adf3d70cdbb3cfe5912c71cdce1c2c6bbd9c5d1", "46c99d2de99945ec5cb54f23c8cd5689f6d7177305ebff350a58ce5f8de1669e", "500d4957e52ddc3351cabf489e79c91c17f6e0899158447047588650b5e69183", "535f6fc4d397c1563d08b88e485c3496cf5784e927af890fb3c3aac7f933ec66", "62fe6c95e3ec8a7fad637b7f3d372c15ec1caa01ab47926cfdf7a75b40e0eac1", "6dd73240d2af64df90aa7c4e7481e23825ea70af4b4922f8ede5b9e35f78a3b1", "717ba8fe3ae9cc0006d7c451f0bb265ee07739daf76355d06366154ee68d221e", "79855e1c5b8da654cf486b830bd42c06e8780cea587384cf6545b7d9ac013a0b", "7c1699dfe0cf8ff607dbdcc1e9b9af1755371f92a68f706051cc8c37d447c905", "88e5fcfb52ee7b911e8bb6d6aa2fd21fbecc674eadd44118a9cc3863f938e735", "8defac2f2ccd6805ebf65f5eeb132adcf2ab57aa11fdf4c0dd5169a004710e7d", "98c7086708b163d425c67c7a91bad6e466bb99d797aa64f965e9d25c12111a5e", "9add70b36c5666a2ed02b43b335fe19002ee5235efd4b8a89bfcf9005bebac0d", "9bf40443012702a1d2070043cb6291650a0841ece432556f784f004937f0f32c", "ade5e387d2ad0d7ebf59146cc00c8044acbd863725f887353a10df825fc8ae21", "b00c1de48212e4cc9603895652c5c410df699856a2853135b3967591e4beebc2", "b1282f8c00509d99fef04d8ba936b156d419be841854fe901d8ae224c59f0be5", "b2051432115498d3562c084a49bba65d97cf251f5a331c64a12ee7e04dacc51b", "ba59edeaa2fc6114428f1637ffff42da1e311e29382d81b339c1817d37ec93c6", "c8716a48d94b06bb3b2524c2b77e055fb313aeb4ea620c8dd03a105574ba704f", "cd5df75523866410809ca100dc9681e301e3c27567cf498077e8551b6d20e42f", "e249096428b3ae81b08327a63a485ad0878de3fb939049038579ac0ef61e17e7"]
more-itertools = ["409cd48d4db7052af495b09dec721011634af3753ae1ef92d2b32f73a745f832", "92b8c4b06dac4f0611c0729b2f2ede52b2e1bac1ab48f089c7ddc12e26bb60c4"]
munch = ["6ae3d26b837feacf732fb8aa5b842130da1daf221f5af9f9d4b2a0a6414b0d51"]
packaging = ["a7ac867b97fdc07ee80a8058fe4435ccd274ecc3b0ed61d852d7d53055528cf9", "c491ca87294da7cc01902edbe30a5bc6c4c28172b5138ab4e4aa1b9d7bfaeafe"]
pgcli = ["2e75497ec3f39600d5628124bbdf37cd1c2d607f92dc41717a21aca3dd56d544", "84e0817a29c3cacaaaf85351422bdb90f230f2550e4af558c25536fd235ab6ca"]
pgspecial = ["f44dd48db53fd93dc78d61ebac0ca2cc3c58203f94b30edc730b02bfd3ee747b"]
pluggy = ["0825a152ac059776623854c1543d65a4ad408eb3d33ee114dff91e57ec6ae6fc", "b9817417e95936bf75d85d3f8767f7df6cdde751fc40aed3bb3074cbcb77757c"]
prompt-toolkit = ["11adf3389a996a6d45cc277580d0d53e8a5afd281d0c9ec71b28e6f121463780", "2519ad1d8038fd5fc8e770362237ad0364d16a7650fb5724af6997ed5515e3c1", "977c6583ae813a37dc1c2e1b715892461fcbdaa57f6fc62f33a528c4886c8f55"]
psycopg2 = ["128d0fa910ada0157bba1cb74a9c5f92bb8a1dca77cf91a31eb274d1f889e001", "227fd46cf9b7255f07687e5bde454d7d67ae39ca77e170097cdef8ebfc30c323", "2315e7f104681d498ccf6fd70b0dba5bce65d60ac92171492bfe228e21dcc242", "4b5417dcd2999db0f5a891d54717cfaee33acc64f4772c4bc574d4ff95ed9d80", "640113ddc943522aaf71294e3f2d24013b0edd659b7820621492c9ebd3a2fb0b", "897a6e838319b4bf648a574afb6cabcb17d0488f8c7195100d48d872419f4457", "8dceca81409898c870e011c71179454962dec152a1a6b86a347f4be74b16d864", "b1b8e41da09a0c3ef0b3d4bb72da0dde2abebe583c1e8462973233fd5ad0235f", "cb407fccc12fc29dc331f2b934913405fa49b9b75af4f3a72d0f50f57ad2ca23", "d3a27550a8185e53b244ad7e79e307594b92fede8617d80200a8cce1fba2c60f", "f0e6b697a975d9d3ccd04135316c947dd82d841067c7800ccf622a8717e98df1"]
py = ["64f65755aee5b381cea27766a3a147c3f15b9b6b9ac88676de66ba2ae36793fa", "dc639b046a6e2cff5bbe40194ad65936d6ba360b52b3c3fe1d08a82dd50b5e53"]
pygments = ["71e430bc85c88a430f000ac1d9b331d2407f681d6f6aec95e8bcfbc3df5b0127", "881c4c157e45f30af185c1ffe8d549d48ac9127433f2c380c24b84572ad66297"]
pyparsing = ["6f98a7b9397e206d78cc01df10131398f1c8b8510a2f4d97d9abd82e1aacdd80", "d9338df12903bbf5d65a0e4e87c2161968b10d2e489652bb47001d82a9b028b4"]
pytest = ["6ef6d06de77ce2961156013e9dff62f1b2688aa04d0dc244299fe7d67e09370d", "a736fed91c12681a7b34617c8fcefe39ea04599ca72c608751c31d89579a3f77"]
python-dateutil = ["7e6584c74aeed623791615e26efd690f29817a27c73085b78e4bad02493df2fb", "c89805f6f4d64db21ed966fda138f8a5ed7a4fdbc1a8ee329ce1b74e3c74da9e"]
python-editor = ["1bf6e860a8ad52a14c3ee1252d5dc25b2030618ed80c022598f00176adc8367d", "51fda6bcc5ddbbb7063b2af7509e43bd84bfc32a4ff71349ec7847713882327b", "5f98b069316ea1c2ed3f67e7f5df6c0d8f10b689964a4a811ff64f0106819ec8", "c3da2053dbab6b29c94e43c486ff67206eafbe7eb52dbec7390b5e2fb05aac77", "ea87e17f6ec459e780e4221f295411462e0d0810858e055fc514684350a2f522"]
"ruamel.yaml" = ["547aeab5c51c93bc750ed2a320c1559b605bde3aa569216aa75fd91d8a1c4623", "c5e239b6a4f26baabb2e22b145582a7d99ae9d4ebb8902291365a61ed38faa7f"]
"ruamel.yaml.clib" = ["0bbe19d3e099f8ba384e1846e6b54f245f58aeec8700edbbf9abb87afa54fd82", "2f38024592613f3a8772bbc2904be027d9abf463518ba145f2d0c8e6da27009f", "44449b3764a3f75815eea8ae5930b98e8326be64a90b0f782747318f861abfe0", "5710be9a357801c31c1eaa37b9bc92d38176d785af5b2f0c9751385c5dc9659a", "5a089acb6833ed5f412e24cbe3e665683064c1429824d2819137b5ade54435c3", "6143386ddd61599ea081c012a69a16e5bdd7b3c6c231bd039534365a48940f30", "6726aaf851f5f9e4cbdd3e1e414bc700bdd39220e8bc386415fd41c87b1b53c2", "68fbc3b5d94d145a391452f886ae5fca240cb7e3ab6bd66e1a721507cdaac28a", "75ebddf99ba9e0b48f32b5bdcf9e5a2b84c017da9e0db7bf11995fa414aa09cd", "79948a6712baa686773a43906728e20932c923f7b2a91be7347993be2d745e55", "8a2dd8e8b08d369558cade05731172c4b5e2f4c5097762c6b352bd28fd9f9dc4", "c747acdb5e8c242ab2280df6f0c239e62838af4bee647031d96b3db2f9cefc04", "cadc8eecd27414dca30366b2535cb5e3f3b47b4e2d6be7a0b13e4e52e459ff9f", "cee86ecc893a6a8ecaa7c6a9c2d06f75f614176210d78a5f155f8e78d6989509", "e59af39e895aff28ee5f55515983cab3466d1a029c91c04db29da1c0f09cf333", "eee7ecd2eee648884fae6c51ae50c814acdcc5d6340dc96c970158aebcd25ac6", "ef8d4522d231cb9b29f6cdd0edc8faac9d9715c60dc7becbd6eb82c915a98e5b", "f504d45230cc9abf2810623b924ae048b224a90adb01f97db4e766cfdda8e6eb"]
setproctitle = ["6283b7a58477dd8478fbb9e76defb37968ee4ba47b05ec1c053cb39638bd7398", "6a035eddac62898786aed2c2eee7334c28cfc8106e8eb29fdd117cac56c6cdf0"]
six = ["3350809f0555b11f552448330d0b52d5f24c91a322ea4a15ef22629740f3761c", "d16a0141ec1a18405cd4ce8b4613101da75da0e9a7aec5bdd4fa804d0e0eba73"]
sqlalchemy = ["0459bf0ea6478f3e904de074d65769a11d74cdc34438ab3159250c96d089aef0"]
sqlparse = ["40afe6b8d4b1117e7dff5504d7a8ce07d9a1b15aeeade8a2d10f130a834f8177", "7c3dca29c022744e95b547e867cee89f4fce4373f3549ccd8797d8eb52cdb873"]
tabulate = ["8af07a39377cee1103a5c8b3330a421c2d99b9141e9cc5ddd2e3263fea416943"]
terminaltables = ["f3eb0eb92e3833972ac36796293ca0906e998dc3be91fbe1f8615b331b853b81"]
wcwidth = ["3df37372226d6e63e1b1e1eda15c594bca98a22d33a23832a90998faa96bc65e", "f4ebe71925af7b40a864553f761ed559b43544f8f71746c2d756c7fe788ade7c"]
zipp = ["4970c3758f4e89a7857a973b1e2a5d75bcdc47794442f2e2dd4fe8e0466e809a", "8a5712cfd3bb4248015eb3b0b3c54a5f6ee3f2425963ef2a0125b8bc40aafaec"]
